
Microsoft Visual Studio Solution File, Format Version 12.00
# Visual Studio Version 16
VisualStudioVersion = 16.0.31129.286
MinimumVisualStudioVersion = 10.0.40219.1
Project("{2150E333-8FDC-42A3-9474-1A3956D46DE8}") = "Cores", "Cores", "{0EEC35E3-CD90-481A-BB6F-16336C3532A4}"
EndProject
Project("{2150E333-8FDC-42A3-9474-1A3956D46DE8}") = "Sys", "Sys", "{5E67C7C3-A0E4-4045-B869-30D572704BEC}"
EndProject
Project("{2150E333-8FDC-42A3-9474-1A3956D46DE8}") = "Tools", "Tools", "{8D7E426F-01A3-4316-A7D2-16A204E50F19}"
EndProject
Project("{9A19103F-16F7-4668-BE54-9A1E7A4F7556}") = "Tenjin.Apis", "Cores\Tenjin.Apis\Tenjin.Apis.csproj", "{DB5F3CD1-2FE2-4690-A25D-1F3A522AF9FE}"
EndProject
Project("{9A19103F-16F7-4668-BE54-9A1E7A4F7556}") = "Tenjin.Contracts", "Cores\Tenjin.Contracts\Tenjin.Contracts.csproj", "{F8854FFD-679A-4E3E-AE38-10E236DD67AC}"
EndProject
Project("{9A19103F-16F7-4668-BE54-9A1E7A4F7556}") = "Tenjin.Helpers", "Cores\Tenjin.Helpers\Tenjin.Helpers.csproj", "{61113CC4-92B1-443F-AFDA-C68A37CCED10}"
EndProject
Project("{9A19103F-16F7-4668-BE54-9A1E7A4F7556}") = "Tenjin.Models", "Cores\Tenjin.Models\Tenjin.Models.csproj", "{861B635A-0352-4604-AEAF-35A34D7E54C7}"
EndProject
Project("{9A19103F-16F7-4668-BE54-9A1E7A4F7556}") = "Tenjin.Services", "Cores\Tenjin.Services\Tenjin.Services.csproj", "{199DBF3B-5A3E-48C3-BCE5-5C4A390B2076}"
EndProject
Project("{9A19103F-16F7-4668-BE54-9A1E7A4F7556}") = "Tenjin.Reflections", "Cores\Tenjin.Reflections\Tenjin.Reflections.csproj", "{01D70E1C-5702-4651-88C8-E68855BDC850}"
EndProject
Project("{9A19103F-16F7-4668-BE54-9A1E7A4F7556}") = "Tenjin.Sys.Apis", "Sys\Tenjin.Sys.Apis\Tenjin.Sys.Apis.csproj", "{85C886B8-3FC5-4C32-A8A5-42D100F4870F}"
EndProject
Project("{9A19103F-16F7-4668-BE54-9A1E7A4F7556}") = "Tenjin.Sys.Contracts", "Sys\Tenjin.Sys.Contracts\Tenjin.Sys.Contracts.csproj", "{7FD02C5B-8BF8-47F5-A611-509D6A7756C8}"
EndProject
Project("{9A19103F-16F7-4668-BE54-9A1E7A4F7556}") = "Tenjin.Sys.Helpers", "Sys\Tenjin.Sys.Helpers\Tenjin.Sys.Helpers.csproj", "{70355567-4AEA-4098-AC8D-75EAEFFF69E9}"
EndProject
Project("{9A19103F-16F7-4668-BE54-9A1E7A4F7556}") = "Tenjin.Sys.Models", "Sys\Tenjin.Sys.Models\Tenjin.Sys.Models.csproj", "{B4E938A1-AA8E-4BB4-AC53-191837753784}"
EndProject
Project("{9A19103F-16F7-4668-BE54-9A1E7A4F7556}") = "Tenjin.Sys.Services", "Sys\Tenjin.Sys.Services\Tenjin.Sys.Services.csproj", "{F722D49D-CC66-45A8-8DC5-DCE7AB26190C}"
EndProject
Project("{FAE04EC0-301F-11D3-BF4B-00C04F79EFBC}") = "Dmc.Sys.Tools", "Tools\Dmc.Sys.Tools\Dmc.Sys.Tools.csproj", "{AA5052B3-5FB7-4AE7-A067-0E724BCD82AF}"
EndProject
Global
	GlobalSection(SolutionConfigurationPlatforms) = preSolution
		Debug|Any CPU = Debug|Any CPU
		Release|Any CPU = Release|Any CPU
	EndGlobalSection
	GlobalSection(ProjectConfigurationPlatforms) = postSolution
		{DB5F3CD1-2FE2-4690-A25D-1F3A522AF9FE}.Debug|Any CPU.ActiveCfg = Debug|Any CPU
		{DB5F3CD1-2FE2-4690-A25D-1F3A522AF9FE}.Debug|Any CPU.Build.0 = Debug|Any CPU
		{DB5F3CD1-2FE2-4690-A25D-1F3A522AF9FE}.Release|Any CPU.ActiveCfg = Release|Any CPU
		{DB5F3CD1-2FE2-4690-A25D-1F3A522AF9FE}.Release|Any CPU.Build.0 = Release|Any CPU
		{F8854FFD-679A-4E3E-AE38-10E236DD67AC}.Debug|Any CPU.ActiveCfg = Debug|Any CPU
		{F8854FFD-679A-4E3E-AE38-10E236DD67AC}.Debug|Any CPU.Build.0 = Debug|Any CPU
		{F8854FFD-679A-4E3E-AE38-10E236DD67AC}.Release|Any CPU.ActiveCfg = Release|Any CPU
		{F8854FFD-679A-4E3E-AE38-10E236DD67AC}.Release|Any CPU.Build.0 = Release|Any CPU
		{61113CC4-92B1-443F-AFDA-C68A37CCED10}.Debug|Any CPU.ActiveCfg = Debug|Any CPU
		{61113CC4-92B1-443F-AFDA-C68A37CCED10}.Debug|Any CPU.Build.0 = Debug|Any CPU
		{61113CC4-92B1-443F-AFDA-C68A37CCED10}.Release|Any CPU.ActiveCfg = Release|Any CPU
		{61113CC4-92B1-443F-AFDA-C68A37CCED10}.Release|Any CPU.Build.0 = Release|Any CPU
		{861B635A-0352-4604-AEAF-35A34D7E54C7}.Debug|Any CPU.ActiveCfg = Debug|Any CPU
		{861B635A-0352-4604-AEAF-35A34D7E54C7}.Debug|Any CPU.Build.0 = Debug|Any CPU
		{861B635A-0352-4604-AEAF-35A34D7E54C7}.Release|Any CPU.ActiveCfg = Release|Any CPU
		{861B635A-0352-4604-AEAF-35A34D7E54C7}.Release|Any CPU.Build.0 = Release|Any CPU
		{199DBF3B-5A3E-48C3-BCE5-5C4A390B2076}.Debug|Any CPU.ActiveCfg = Debug|Any CPU
		{199DBF3B-5A3E-48C3-BCE5-5C4A390B2076}.Debug|Any CPU.Build.0 = Debug|Any CPU
		{199DBF3B-5A3E-48C3-BCE5-5C4A390B2076}.Release|Any CPU.ActiveCfg = Release|Any CPU
		{199DBF3B-5A3E-48C3-BCE5-5C4A390B2076}.Release|Any CPU.Build.0 = Release|Any CPU
		{01D70E1C-5702-4651-88C8-E68855BDC850}.Debug|Any CPU.ActiveCfg = Debug|Any CPU
		{01D70E1C-5702-4651-88C8-E68855BDC850}.Debug|Any CPU.Build.0 = Debug|Any CPU
		{01D70E1C-5702-4651-88C8-E68855BDC850}.Release|Any CPU.ActiveCfg = Release|Any CPU
		{01D70E1C-5702-4651-88C8-E68855BDC850}.Release|Any CPU.Build.0 = Release|Any CPU
		{85C886B8-3FC5-4C32-A8A5-42D100F4870F}.Debug|Any CPU.ActiveCfg = Debug|Any CPU
		{85C886B8-3FC5-4C32-A8A5-42D100F4870F}.Debug|Any CPU.Build.0 = Debug|Any CPU
		{85C886B8-3FC5-4C32-A8A5-42D100F4870F}.Release|Any CPU.ActiveCfg = Release|Any CPU
		{85C886B8-3FC5-4C32-A8A5-42D100F4870F}.Release|Any CPU.Build.0 = Release|Any CPU
		{7FD02C5B-8BF8-47F5-A611-509D6A7756C8}.Debug|Any CPU.ActiveCfg = Debug|Any CPU
		{7FD02C5B-8BF8-47F5-A611-509D6A7756C8}.Debug|Any CPU.Build.0 = Debug|Any CPU
		{7FD02C5B-8BF8-47F5-A611-509D6A7756C8}.Release|Any CPU.ActiveCfg = Release|Any CPU
		{7FD02C5B-8BF8-47F5-A611-509D6A7756C8}.Release|Any CPU.Build.0 = Release|Any CPU
		{70355567-4AEA-4098-AC8D-75EAEFFF69E9}.Debug|Any CPU.ActiveCfg = Debug|Any CPU
		{70355567-4AEA-4098-AC8D-75EAEFFF69E9}.Debug|Any CPU.Build.0 = Debug|Any CPU
		{70355567-4AEA-4098-AC8D-75EAEFFF69E9}.Release|Any CPU.ActiveCfg = Release|Any CPU
		{70355567-4AEA-4098-AC8D-75EAEFFF69E9}.Release|Any CPU.Build.0 = Release|Any CPU
		{B4E938A1-AA8E-4BB4-AC53-191837753784}.Debug|Any CPU.ActiveCfg = Debug|Any CPU
		{B4E938A1-AA8E-4BB4-AC53-191837753784}.Debug|Any CPU.Build.0 = Debug|Any CPU
		{B4E938A1-AA8E-4BB4-AC53-191837753784}.Release|Any CPU.ActiveCfg = Release|Any CPU
		{B4E938A1-AA8E-4BB4-AC53-191837753784}.Release|Any CPU.Build.0 = Release|Any CPU
		{F722D49D-CC66-45A8-8DC5-DCE7AB26190C}.Debug|Any CPU.ActiveCfg = Debug|Any CPU
		{F722D49D-CC66-45A8-8DC5-DCE7AB26190C}.Debug|Any CPU.Build.0 = Debug|Any CPU
		{F722D49D-CC66-45A8-8DC5-DCE7AB26190C}.Release|Any CPU.ActiveCfg = Release|Any CPU
		{F722D49D-CC66-45A8-8DC5-DCE7AB26190C}.Release|Any CPU.Build.0 = Release|Any CPU
		{AA5052B3-5FB7-4AE7-A067-0E724BCD82AF}.Debug|Any CPU.ActiveCfg = Debug|Any CPU
		{AA5052B3-5FB7-4AE7-A067-0E724BCD82AF}.Debug|Any CPU.Build.0 = Debug|Any CPU
		{AA5052B3-5FB7-4AE7-A067-0E724BCD82AF}.Release|Any CPU.ActiveCfg = Release|Any CPU
		{AA5052B3-5FB7-4AE7-A067-0E724BCD82AF}.Release|Any CPU.Build.0 = Release|Any CPU
	EndGlobalSection
	GlobalSection(SolutionProperties) = preSolution
		HideSolutionNode = FALSE
	EndGlobalSection
	GlobalSection(NestedProjects) = preSolution
		{DB5F3CD1-2FE2-4690-A25D-1F3A522AF9FE} = {0EEC35E3-CD90-481A-BB6F-16336C3532A4}
		{F8854FFD-679A-4E3E-AE38-10E236DD67AC} = {0EEC35E3-CD90-481A-BB6F-16336C3532A4}
		{61113CC4-92B1-443F-AFDA-C68A37CCED10} = {0EEC35E3-CD90-481A-BB6F-16336C3532A4}
		{861B635A-0352-4604-AEAF-35A34D7E54C7} = {0EEC35E3-CD90-481A-BB6F-16336C3532A4}
		{199DBF3B-5A3E-48C3-BCE5-5C4A390B2076} = {0EEC35E3-CD90-481A-BB6F-16336C3532A4}
		{01D70E1C-5702-4651-88C8-E68855BDC850} = {0EEC35E3-CD90-481A-BB6F-16336C3532A4}
		{85C886B8-3FC5-4C32-A8A5-42D100F4870F} = {5E67C7C3-A0E4-4045-B869-30D572704BEC}
		{7FD02C5B-8BF8-47F5-A611-509D6A7756C8} = {5E67C7C3-A0E4-4045-B869-30D572704BEC}
		{70355567-4AEA-4098-AC8D-75EAEFFF69E9} = {5E67C7C3-A0E4-4045-B869-30D572704BEC}
		{B4E938A1-AA8E-4BB4-AC53-191837753784} = {5E67C7C3-A0E4-4045-B869-30D572704BEC}
		{F722D49D-CC66-45A8-8DC5-DCE7AB26190C} = {5E67C7C3-A0E4-4045-B869-30D572704BEC}
		{AA5052B3-5FB7-4AE7-A067-0E724BCD82AF} = {8D7E426F-01A3-4316-A7D2-16A204E50F19}
	EndGlobalSection
	GlobalSection(ExtensibilityGlobals) = postSolution
		SolutionGuid = {5AE4B39F-B454-4B4A-822D-9E9B21D7323E}
	EndGlobalSection
EndGlobal
